
Microsoft Visual Studio Solution File, Format Version 12.00
# Visual Studio Version 17
VisualStudioVersion = 17.9.34723.18
MinimumVisualStudioVersion = 10.0.40219.1
Project("{2150E333-8FDC-42A3-9474-1A3956D46DE8}") = "Элементы решения", "Элементы решения", "{A986DB38-1938-4453-9DC1-709F36B3DF1F}"
	ProjectSection(SolutionItems) = preProject
		README.md = README.md
	EndProjectSection
EndProject
Project("{9A19103F-16F7-4668-BE54-9A1E7A4F7556}") = "VeriableAndConstans", "VeriableAndConstans\VeriableAndConstans.csproj", "{3AA32710-CAD7-4222-8D2E-95AC30AEB762}"
EndProject
Project("{9A19103F-16F7-4668-BE54-9A1E7A4F7556}") = "TypesOfData", "TypesOfData\TypesOfData.csproj", "{4AA2FEBD-ADD2-4EE1-8540-2D5702159948}"
EndProject
Project("{9A19103F-16F7-4668-BE54-9A1E7A4F7556}") = "ConsoleOutput", "ConsoleOutput\ConsoleOutput.csproj", "{B5EBCF51-D52F-4CA1-A3B0-1B4327174F84}"
EndProject
Project("{9A19103F-16F7-4668-BE54-9A1E7A4F7556}") = "ArithmeticsCs", "ConsoleApp2\ArithmeticsCs.csproj", "{A8E4FF33-221F-4767-A149-17FD870D2049}"
EndProject
Project("{9A19103F-16F7-4668-BE54-9A1E7A4F7556}") = "Cycles", "Cycles\Cycles.csproj", "{616CF886-ED01-42E3-A5FF-AA86DDB8EABE}"
EndProject
Project("{9A19103F-16F7-4668-BE54-9A1E7A4F7556}") = "Arrays", "Arrays\Arrays.csproj", "{2EBD9CE1-8BC1-4758-B8B0-19F89F663526}"
EndProject
Project("{9A19103F-16F7-4668-BE54-9A1E7A4F7556}") = "Calculator", "Methods\Calculator.csproj", "{603D5504-0FBB-439F-B42D-029252723410}"
EndProject
Global
	GlobalSection(SolutionConfigurationPlatforms) = preSolution
		Debug|Any CPU = Debug|Any CPU
		Release|Any CPU = Release|Any CPU
	EndGlobalSection
	GlobalSection(ProjectConfigurationPlatforms) = postSolution
		{3AA32710-CAD7-4222-8D2E-95AC30AEB762}.Debug|Any CPU.ActiveCfg = Debug|Any CPU
		{3AA32710-CAD7-4222-8D2E-95AC30AEB762}.Debug|Any CPU.Build.0 = Debug|Any CPU
		{3AA32710-CAD7-4222-8D2E-95AC30AEB762}.Release|Any CPU.ActiveCfg = Release|Any CPU
		{3AA32710-CAD7-4222-8D2E-95AC30AEB762}.Release|Any CPU.Build.0 = Release|Any CPU
		{4AA2FEBD-ADD2-4EE1-8540-2D5702159948}.Debug|Any CPU.ActiveCfg = Debug|Any CPU
		{4AA2FEBD-ADD2-4EE1-8540-2D5702159948}.Debug|Any CPU.Build.0 = Debug|Any CPU
		{4AA2FEBD-ADD2-4EE1-8540-2D5702159948}.Release|Any CPU.ActiveCfg = Release|Any CPU
		{4AA2FEBD-ADD2-4EE1-8540-2D5702159948}.Release|Any CPU.Build.0 = Release|Any CPU
		{B5EBCF51-D52F-4CA1-A3B0-1B4327174F84}.Debug|Any CPU.ActiveCfg = Debug|Any CPU
		{B5EBCF51-D52F-4CA1-A3B0-1B4327174F84}.Debug|Any CPU.Build.0 = Debug|Any CPU
		{B5EBCF51-D52F-4CA1-A3B0-1B4327174F84}.Release|Any CPU.ActiveCfg = Release|Any CPU
		{B5EBCF51-D52F-4CA1-A3B0-1B4327174F84}.Release|Any CPU.Build.0 = Release|Any CPU
		{A8E4FF33-221F-4767-A149-17FD870D2049}.Debug|Any CPU.ActiveCfg = Debug|Any CPU
		{A8E4FF33-221F-4767-A149-17FD870D2049}.Debug|Any CPU.Build.0 = Debug|Any CPU
		{A8E4FF33-221F-4767-A149-17FD870D2049}.Release|Any CPU.ActiveCfg = Release|Any CPU
		{A8E4FF33-221F-4767-A149-17FD870D2049}.Release|Any CPU.Build.0 = Release|Any CPU
		{616CF886-ED01-42E3-A5FF-AA86DDB8EABE}.Debug|Any CPU.ActiveCfg = Debug|Any CPU
		{616CF886-ED01-42E3-A5FF-AA86DDB8EABE}.Debug|Any CPU.Build.0 = Debug|Any CPU
		{616CF886-ED01-42E3-A5FF-AA86DDB8EABE}.Release|Any CPU.ActiveCfg = Release|Any CPU
		{616CF886-ED01-42E3-A5FF-AA86DDB8EABE}.Release|Any CPU.Build.0 = Release|Any CPU
		{2EBD9CE1-8BC1-4758-B8B0-19F89F663526}.Debug|Any CPU.ActiveCfg = Debug|Any CPU
		{2EBD9CE1-8BC1-4758-B8B0-19F89F663526}.Debug|Any CPU.Build.0 = Debug|Any CPU
		{2EBD9CE1-8BC1-4758-B8B0-19F89F663526}.Release|Any CPU.ActiveCfg = Release|Any CPU
		{2EBD9CE1-8BC1-4758-B8B0-19F89F663526}.Release|Any CPU.Build.0 = Release|Any CPU
		{603D5504-0FBB-439F-B42D-029252723410}.Debug|Any CPU.ActiveCfg = Debug|Any CPU
		{603D5504-0FBB-439F-B42D-029252723410}.Debug|Any CPU.Build.0 = Debug|Any CPU
		{603D5504-0FBB-439F-B42D-029252723410}.Release|Any CPU.ActiveCfg = Release|Any CPU
		{603D5504-0FBB-439F-B42D-029252723410}.Release|Any CPU.Build.0 = Release|Any CPU
	EndGlobalSection
	GlobalSection(SolutionProperties) = preSolution
		HideSolutionNode = FALSE
	EndGlobalSection
	GlobalSection(ExtensibilityGlobals) = postSolution
		SolutionGuid = {2B81F128-66E4-41F9-9099-6FF252A2936C}
	EndGlobalSection
EndGlobal
